# This file is automatically @generated by Poetry 1.4.2 and should not be changed by hand.

[[package]]
name = "structlog"
version = "23.1.0"
description = "Structured Logging for Python"
category = "main"
optional = false
python-versions = ">=3.7"
files = [
    {file = "structlog-23.1.0-py3-none-any.whl", hash = "sha256:79b9e68e48b54e373441e130fa447944e6f87a05b35de23138e475c05d0f7e0e"},
    {file = "structlog-23.1.0.tar.gz", hash = "sha256:270d681dd7d163c11ba500bc914b2472d2b50a8ef00faa999ded5ff83a2f906b"},
]

[package.extras]
dev = ["structlog[docs,tests,typing]"]
docs = ["furo", "myst-parser", "sphinx", "sphinx-notfound-page", "sphinxcontrib-mermaid", "twisted"]
tests = ["coverage[toml]", "freezegun (>=0.2.8)", "pretend", "pytest (>=6.0)", "pytest-asyncio (>=0.17)", "simplejson"]
typing = ["mypy", "rich", "twisted"]

[metadata]
lock-version = "2.0"
python-versions = "^3.8"
content-hash = "a47ae359f939477f8bcf71940d3313390be634e47eef4855d466196456a69ebd"
